
Microsoft Visual Studio Solution File, Format Version 12.00
# Visual Studio Version 17
VisualStudioVersion = 17.8.34511.84
MinimumVisualStudioVersion = 10.0.40219.1
Project("{9A19103F-16F7-4668-BE54-9A1E7A4F7556}") = "InspireSuperStore", "InspireSuperStore\InspireSuperStore.csproj", "{E46CA581-9837-454F-B003-E6C105531674}"
EndProject
Project("{FAE04EC0-301F-11D3-BF4B-00C04F79EFBC}") = "MainModels", "..\..\AdminApplications\MainModels\MainModels\MainModels.csproj", "{98227482-662D-4146-A421-47F5DDD7AEFC}"
EndProject
Project("{FAE04EC0-301F-11D3-BF4B-00C04F79EFBC}") = "MarketBAL", "..\MarketBAL\MarketBAL.csproj", "{E7AE2E1F-6A9E-4293-BE18-F2ACB4620916}"
EndProject
Global
	GlobalSection(SolutionConfigurationPlatforms) = preSolution
		Debug|Any CPU = Debug|Any CPU
		Release|Any CPU = Release|Any CPU
	EndGlobalSection
	GlobalSection(ProjectConfigurationPlatforms) = postSolution
		{E46CA581-9837-454F-B003-E6C105531674}.Debug|Any CPU.ActiveCfg = Debug|Any CPU
		{E46CA581-9837-454F-B003-E6C105531674}.Debug|Any CPU.Build.0 = Debug|Any CPU
		{E46CA581-9837-454F-B003-E6C105531674}.Release|Any CPU.ActiveCfg = Release|Any CPU
		{E46CA581-9837-454F-B003-E6C105531674}.Release|Any CPU.Build.0 = Release|Any CPU
		{98227482-662D-4146-A421-47F5DDD7AEFC}.Debug|Any CPU.ActiveCfg = Debug|Any CPU
		{98227482-662D-4146-A421-47F5DDD7AEFC}.Debug|Any CPU.Build.0 = Debug|Any CPU
		{98227482-662D-4146-A421-47F5DDD7AEFC}.Release|Any CPU.ActiveCfg = Release|Any CPU
		{98227482-662D-4146-A421-47F5DDD7AEFC}.Release|Any CPU.Build.0 = Release|Any CPU
		{E7AE2E1F-6A9E-4293-BE18-F2ACB4620916}.Debug|Any CPU.ActiveCfg = Debug|Any CPU
		{E7AE2E1F-6A9E-4293-BE18-F2ACB4620916}.Debug|Any CPU.Build.0 = Debug|Any CPU
		{E7AE2E1F-6A9E-4293-BE18-F2ACB4620916}.Release|Any CPU.ActiveCfg = Release|Any CPU
		{E7AE2E1F-6A9E-4293-BE18-F2ACB4620916}.Release|Any CPU.Build.0 = Release|Any CPU
	EndGlobalSection
	GlobalSection(SolutionProperties) = preSolution
		HideSolutionNode = FALSE
	EndGlobalSection
	GlobalSection(ExtensibilityGlobals) = postSolution
		SolutionGuid = {F38F918D-4043-4EDB-8624-97253D620C4B}
	EndGlobalSection
EndGlobal
